
Microsoft Visual Studio Solution File, Format Version 11.00
# Visual Studio 2010
Project("{8BC9CEB8-8B4A-11D0-8D11-00A0C91BC942}") = "28_11_2017_Test_Polimorfismo", "28_11_2017_Test_Polimorfismo\28_11_2017_Test_Polimorfismo.vcxproj", "{6321B393-6034-4EB2-B775-7A955D93DD4D}"
EndProject
Global
	GlobalSection(SolutionConfigurationPlatforms) = preSolution
		Debug|Win32 = Debug|Win32
		Release|Win32 = Release|Win32
	EndGlobalSection
	GlobalSection(ProjectConfigurationPlatforms) = postSolution
		{6321B393-6034-4EB2-B775-7A955D93DD4D}.Debug|Win32.ActiveCfg = Debug|Win32
		{6321B393-6034-4EB2-B775-7A955D93DD4D}.Debug|Win32.Build.0 = Debug|Win32
		{6321B393-6034-4EB2-B775-7A955D93DD4D}.Release|Win32.ActiveCfg = Release|Win32
		{6321B393-6034-4EB2-B775-7A955D93DD4D}.Release|Win32.Build.0 = Release|Win32
	EndGlobalSection
	GlobalSection(SolutionProperties) = preSolution
		HideSolutionNode = FALSE
	EndGlobalSection
EndGlobal
