
Microsoft Visual Studio Solution File, Format Version 11.00
# Visual Studio 2010
Project("{FAE04EC0-301F-11D3-BF4B-00C04F79EFBC}") = "13_01_2018_test_CS_01", "13_01_2018_test_CS_01\13_01_2018_test_CS_01.csproj", "{EFDBF0B5-728F-4A42-BC84-BD2B6ED5E7CF}"
EndProject
Global
	GlobalSection(SolutionConfigurationPlatforms) = preSolution
		Debug|x86 = Debug|x86
		Release|x86 = Release|x86
	EndGlobalSection
	GlobalSection(ProjectConfigurationPlatforms) = postSolution
		{EFDBF0B5-728F-4A42-BC84-BD2B6ED5E7CF}.Debug|x86.ActiveCfg = Debug|x86
		{EFDBF0B5-728F-4A42-BC84-BD2B6ED5E7CF}.Debug|x86.Build.0 = Debug|x86
		{EFDBF0B5-728F-4A42-BC84-BD2B6ED5E7CF}.Release|x86.ActiveCfg = Release|x86
		{EFDBF0B5-728F-4A42-BC84-BD2B6ED5E7CF}.Release|x86.Build.0 = Release|x86
	EndGlobalSection
	GlobalSection(SolutionProperties) = preSolution
		HideSolutionNode = FALSE
	EndGlobalSection
EndGlobal
